// !$*UTF8*$!
{
	archiveVersion = 1;
	classes = {
	};
	objectVersion = 56;
	objects = {

/* Begin PBXBuildFile section */
		B10000000000000000000001 /* RippleLoopApp.swift in Sources */ = {isa = PBXBuildFile; fileRef = F10000000000000000000001 /* RippleLoopApp.swift */; };
		B10000000000000000000002 /* ContentView.swift in Sources */ = {isa = PBXBuildFile; fileRef = F10000000000000000000002 /* ContentView.swift */; };
		B10000000000000000000003 /* GameConstants.swift in Sources */ = {isa = PBXBuildFile; fileRef = F10000000000000000000003 /* GameConstants.swift */; };
		B10000000000000000000004 /* StonePhysics.swift in Sources */ = {isa = PBXBuildFile; fileRef = F10000000000000000000004 /* StonePhysics.swift */; };
		B10000000000000000000005 /* ParallaxBackground.swift in Sources */ = {isa = PBXBuildFile; fileRef = F10000000000000000000005 /* ParallaxBackground.swift */; };
		B10000000000000000000006 /* RippleEffect.swift in Sources */ = {isa = PBXBuildFile; fileRef = F10000000000000000000006 /* RippleEffect.swift */; };
		B10000000000000000000007 /* HUDNode.swift in Sources */ = {isa = PBXBuildFile; fileRef = F10000000000000000000007 /* HUDNode.swift */; };
		B10000000000000000000008 /* AimOverlay.swift in Sources */ = {isa = PBXBuildFile; fileRef = F10000000000000000000008 /* AimOverlay.swift */; };
		B10000000000000000000009 /* GameScene.swift in Sources */ = {isa = PBXBuildFile; fileRef = F10000000000000000000009 /* GameScene.swift */; };
		B10000000000000000000010 /* GameState.swift in Sources */ = {isa = PBXBuildFile; fileRef = F10000000000000000000010 /* GameState.swift */; };
		B10000000000000000000011 /* PlayerProgress.swift in Sources */ = {isa = PBXBuildFile; fileRef = F10000000000000000000011 /* PlayerProgress.swift */; };
		B10000000000000000000012 /* Assets.xcassets in Resources */ = {isa = PBXBuildFile; fileRef = F10000000000000000000012 /* Assets.xcassets */; };
		B10000000000000000000013 /* PrivacyInfo.xcprivacy in Resources */ = {isa = PBXBuildFile; fileRef = F10000000000000000000013 /* PrivacyInfo.xcprivacy */; };
		B10000000000000000000014 /* StonePhysicsTests.swift in Sources */ = {isa = PBXBuildFile; fileRef = F10000000000000000000014 /* StonePhysicsTests.swift */; };
		B10000000000000000000015 /* Biome.swift in Sources */ = {isa = PBXBuildFile; fileRef = F10000000000000000000018 /* Biome.swift */; };
		B10000000000000000000016 /* UpgradeCatalog.swift in Sources */ = {isa = PBXBuildFile; fileRef = F10000000000000000000019 /* UpgradeCatalog.swift */; };
		B10000000000000000000017 /* GameSession.swift in Sources */ = {isa = PBXBuildFile; fileRef = F10000000000000000000020 /* GameSession.swift */; };
		B10000000000000000000018 /* PebbleNode.swift in Sources */ = {isa = PBXBuildFile; fileRef = F10000000000000000000021 /* PebbleNode.swift */; };
		B10000000000000000000019 /* PearlNode.swift in Sources */ = {isa = PBXBuildFile; fileRef = F10000000000000000000022 /* PearlNode.swift */; };
		B10000000000000000000020 /* LogObstacle.swift in Sources */ = {isa = PBXBuildFile; fileRef = F10000000000000000000023 /* LogObstacle.swift */; };
		B10000000000000000000021 /* WorldSpawner.swift in Sources */ = {isa = PBXBuildFile; fileRef = F10000000000000000000024 /* WorldSpawner.swift */; };
		B10000000000000000000022 /* RootView.swift in Sources */ = {isa = PBXBuildFile; fileRef = F10000000000000000000025 /* RootView.swift */; };
		B10000000000000000000023 /* DockMenuView.swift in Sources */ = {isa = PBXBuildFile; fileRef = F10000000000000000000026 /* DockMenuView.swift */; };
		B10000000000000000000024 /* ShopView.swift in Sources */ = {isa = PBXBuildFile; fileRef = F10000000000000000000027 /* ShopView.swift */; };
		B10000000000000000000025 /* ResultsView.swift in Sources */ = {isa = PBXBuildFile; fileRef = F10000000000000000000028 /* ResultsView.swift */; };
		B10000000000000000000026 /* LastRippleView.swift in Sources */ = {isa = PBXBuildFile; fileRef = F10000000000000000000029 /* LastRippleView.swift */; };
		B10000000000000000000027 /* GameContainerView.swift in Sources */ = {isa = PBXBuildFile; fileRef = F10000000000000000000030 /* GameContainerView.swift */; };
		B10000000000000000000028 /* Color+Hex.swift in Sources */ = {isa = PBXBuildFile; fileRef = F10000000000000000000031 /* Color+Hex.swift */; };
		B10000000000000000000029 /* GameCenterService.swift in Sources */ = {isa = PBXBuildFile; fileRef = F10000000000000000000032 /* GameCenterService.swift */; };
		B10000000000000000000030 /* HapticManager.swift in Sources */ = {isa = PBXBuildFile; fileRef = F10000000000000000000033 /* HapticManager.swift */; };
		B10000000000000000000031 /* SoundManager.swift in Sources */ = {isa = PBXBuildFile; fileRef = F10000000000000000000034 /* SoundManager.swift */; };
		B10000000000000000000032 /* GameplaySettings.swift in Sources */ = {isa = PBXBuildFile; fileRef = F10000000000000000000035 /* GameplaySettings.swift */; };
		B10000000000000000000033 /* GameCenterAuthPresenter.swift in Sources */ = {isa = PBXBuildFile; fileRef = F10000000000000000000036 /* GameCenterAuthPresenter.swift */; };
		B10000000000000000000034 /* LeaderboardView.swift in Sources */ = {isa = PBXBuildFile; fileRef = F10000000000000000000037 /* LeaderboardView.swift */; };
		B10000000000000000000035 /* SettingsView.swift in Sources */ = {isa = PBXBuildFile; fileRef = F10000000000000000000038 /* SettingsView.swift */; };
		B10000000000000000000036 /* GameKit.framework in Frameworks */ = {isa = PBXBuildFile; fileRef = F10000000000000000000039 /* GameKit.framework */; };
/* End PBXBuildFile section */

/* Begin PBXContainerItemProxy section */
		C10000000000000000000001 /* PBXContainerItemProxy */ = {
			isa = PBXContainerItemProxy;
			containerPortal = P10000000000000000000001 /* Project object */;
			proxyType = 1;
			remoteGlobalIDString = T10000000000000000000001;
			remoteInfo = RippleLoop;
		};
/* End PBXContainerItemProxy section */

/* Begin PBXFileReference section */
		F10000000000000000000001 /* RippleLoopApp.swift */ = {isa = PBXFileReference; lastKnownFileType = sourcecode.swift; path = RippleLoopApp.swift; sourceTree = "<group>"; };
		F10000000000000000000002 /* ContentView.swift */ = {isa = PBXFileReference; lastKnownFileType = sourcecode.swift; path = ContentView.swift; sourceTree = "<group>"; };
		F10000000000000000000003 /* GameConstants.swift */ = {isa = PBXFileReference; lastKnownFileType = sourcecode.swift; path = GameConstants.swift; sourceTree = "<group>"; };
		F10000000000000000000004 /* StonePhysics.swift */ = {isa = PBXFileReference; lastKnownFileType = sourcecode.swift; path = StonePhysics.swift; sourceTree = "<group>"; };
		F10000000000000000000005 /* ParallaxBackground.swift */ = {isa = PBXFileReference; lastKnownFileType = sourcecode.swift; path = ParallaxBackground.swift; sourceTree = "<group>"; };
		F10000000000000000000006 /* RippleEffect.swift */ = {isa = PBXFileReference; lastKnownFileType = sourcecode.swift; path = RippleEffect.swift; sourceTree = "<group>"; };
		F10000000000000000000007 /* HUDNode.swift */ = {isa = PBXFileReference; lastKnownFileType = sourcecode.swift; path = HUDNode.swift; sourceTree = "<group>"; };
		F10000000000000000000008 /* AimOverlay.swift */ = {isa = PBXFileReference; lastKnownFileType = sourcecode.swift; path = AimOverlay.swift; sourceTree = "<group>"; };
		F10000000000000000000009 /* GameScene.swift */ = {isa = PBXFileReference; lastKnownFileType = sourcecode.swift; path = GameScene.swift; sourceTree = "<group>"; };
		F10000000000000000000010 /* GameState.swift */ = {isa = PBXFileReference; lastKnownFileType = sourcecode.swift; path = GameState.swift; sourceTree = "<group>"; };
		F10000000000000000000011 /* PlayerProgress.swift */ = {isa = PBXFileReference; lastKnownFileType = sourcecode.swift; path = PlayerProgress.swift; sourceTree = "<group>"; };
		F10000000000000000000012 /* Assets.xcassets */ = {isa = PBXFileReference; lastKnownFileType = folder.assetcatalog; path = Assets.xcassets; sourceTree = "<group>"; };
		F10000000000000000000013 /* PrivacyInfo.xcprivacy */ = {isa = PBXFileReference; lastKnownFileType = text.xml; path = PrivacyInfo.xcprivacy; sourceTree = "<group>"; };
		F10000000000000000000014 /* StonePhysicsTests.swift */ = {isa = PBXFileReference; lastKnownFileType = sourcecode.swift; path = StonePhysicsTests.swift; sourceTree = "<group>"; };
		F10000000000000000000015 /* Info.plist */ = {isa = PBXFileReference; lastKnownFileType = text.plist.xml; path = Info.plist; sourceTree = "<group>"; };
		F10000000000000000000016 /* RippleLoop.app */ = {isa = PBXFileReference; explicitFileType = wrapper.application; includeInIndex = 0; path = RippleLoop.app; sourceTree = BUILT_PRODUCTS_DIR; };
		F10000000000000000000017 /* RippleLoopTests.xctest */ = {isa = PBXFileReference; explicitFileType = wrapper.cfbundle; includeInIndex = 0; path = RippleLoopTests.xctest; sourceTree = BUILT_PRODUCTS_DIR; };
		F10000000000000000000018 /* Biome.swift */ = {isa = PBXFileReference; lastKnownFileType = sourcecode.swift; path = Biome.swift; sourceTree = "<group>"; };
		F10000000000000000000019 /* UpgradeCatalog.swift */ = {isa = PBXFileReference; lastKnownFileType = sourcecode.swift; path = UpgradeCatalog.swift; sourceTree = "<group>"; };
		F10000000000000000000020 /* GameSession.swift */ = {isa = PBXFileReference; lastKnownFileType = sourcecode.swift; path = GameSession.swift; sourceTree = "<group>"; };
		F10000000000000000000021 /* PebbleNode.swift */ = {isa = PBXFileReference; lastKnownFileType = sourcecode.swift; path = PebbleNode.swift; sourceTree = "<group>"; };
		F10000000000000000000022 /* PearlNode.swift */ = {isa = PBXFileReference; lastKnownFileType = sourcecode.swift; path = PearlNode.swift; sourceTree = "<group>"; };
		F10000000000000000000023 /* LogObstacle.swift */ = {isa = PBXFileReference; lastKnownFileType = sourcecode.swift; path = LogObstacle.swift; sourceTree = "<group>"; };
		F10000000000000000000024 /* WorldSpawner.swift */ = {isa = PBXFileReference; lastKnownFileType = sourcecode.swift; path = WorldSpawner.swift; sourceTree = "<group>"; };
		F10000000000000000000025 /* RootView.swift */ = {isa = PBXFileReference; lastKnownFileType = sourcecode.swift; path = RootView.swift; sourceTree = "<group>"; };
		F10000000000000000000026 /* DockMenuView.swift */ = {isa = PBXFileReference; lastKnownFileType = sourcecode.swift; path = DockMenuView.swift; sourceTree = "<group>"; };
		F10000000000000000000027 /* ShopView.swift */ = {isa = PBXFileReference; lastKnownFileType = sourcecode.swift; path = ShopView.swift; sourceTree = "<group>"; };
		F10000000000000000000028 /* ResultsView.swift */ = {isa = PBXFileReference; lastKnownFileType = sourcecode.swift; path = ResultsView.swift; sourceTree = "<group>"; };
		F10000000000000000000029 /* LastRippleView.swift */ = {isa = PBXFileReference; lastKnownFileType = sourcecode.swift; path = LastRippleView.swift; sourceTree = "<group>"; };
		F10000000000000000000030 /* GameContainerView.swift */ = {isa = PBXFileReference; lastKnownFileType = sourcecode.swift; path = GameContainerView.swift; sourceTree = "<group>"; };
		F10000000000000000000031 /* Color+Hex.swift */ = {isa = PBXFileReference; lastKnownFileType = sourcecode.swift; path = "Color+Hex.swift"; sourceTree = "<group>"; };
		F10000000000000000000032 /* GameCenterService.swift */ = {isa = PBXFileReference; lastKnownFileType = sourcecode.swift; path = GameCenterService.swift; sourceTree = "<group>"; };
		F10000000000000000000033 /* HapticManager.swift */ = {isa = PBXFileReference; lastKnownFileType = sourcecode.swift; path = HapticManager.swift; sourceTree = "<group>"; };
		F10000000000000000000034 /* SoundManager.swift */ = {isa = PBXFileReference; lastKnownFileType = sourcecode.swift; path = SoundManager.swift; sourceTree = "<group>"; };
		F10000000000000000000035 /* GameplaySettings.swift */ = {isa = PBXFileReference; lastKnownFileType = sourcecode.swift; path = GameplaySettings.swift; sourceTree = "<group>"; };
		F10000000000000000000036 /* GameCenterAuthPresenter.swift */ = {isa = PBXFileReference; lastKnownFileType = sourcecode.swift; path = GameCenterAuthPresenter.swift; sourceTree = "<group>"; };
		F10000000000000000000037 /* LeaderboardView.swift */ = {isa = PBXFileReference; lastKnownFileType = sourcecode.swift; path = LeaderboardView.swift; sourceTree = "<group>"; };
		F10000000000000000000038 /* SettingsView.swift */ = {isa = PBXFileReference; lastKnownFileType = sourcecode.swift; path = SettingsView.swift; sourceTree = "<group>"; };
		F10000000000000000000039 /* GameKit.framework */ = {isa = PBXFileReference; lastKnownFileType = wrapper.framework; name = GameKit.framework; path = System/Library/Frameworks/GameKit.framework; sourceTree = SDKROOT; };
		F10000000000000000000040 /* RippleLoop.entitlements */ = {isa = PBXFileReference; lastKnownFileType = text.plist.entitlements; path = RippleLoop.entitlements; sourceTree = "<group>"; };
/* End PBXFileReference section */

/* Begin PBXFrameworksBuildPhase section */
		FRAMEWORKS000000000000000001 /* Frameworks */ = {
			isa = PBXFrameworksBuildPhase;
			buildActionMask = 2147483647;
			files = (
				B10000000000000000000036 /* GameKit.framework in Frameworks */,
			);
			runOnlyForDeploymentPostprocessing = 0;
		};
		FRAMEWORKS000000000000000002 /* Frameworks */ = {
			isa = PBXFrameworksBuildPhase;
			buildActionMask = 2147483647;
			files = (
			);
			runOnlyForDeploymentPostprocessing = 0;
		};
/* End PBXFrameworksBuildPhase section */

/* Begin PBXGroup section */
		G10000000000000000000001 = {
			isa = PBXGroup;
			children = (
				G10000000000000000000002 /* RippleLoop */,
				G10000000000000000000003 /* RippleLoopTests */,
				G10000000000000000000004 /* Products */,
			);
			sourceTree = "<group>";
		};
		G10000000000000000000002 /* RippleLoop */ = {
			isa = PBXGroup;
			children = (
				F10000000000000000000001 /* RippleLoopApp.swift */,
				F10000000000000000000002 /* ContentView.swift */,
				G10000000000000000000007 /* Views */,
				G10000000000000000000008 /* Services */,
				G10000000000000000000005 /* Game */,
				G10000000000000000000006 /* Models */,
				F10000000000000000000012 /* Assets.xcassets */,
				F10000000000000000000013 /* PrivacyInfo.xcprivacy */,
				F10000000000000000000015 /* Info.plist */,
				F10000000000000000000040 /* RippleLoop.entitlements */,
			);
			path = RippleLoop;
			sourceTree = "<group>";
		};
		G10000000000000000000003 /* RippleLoopTests */ = {
			isa = PBXGroup;
			children = (
				F10000000000000000000014 /* StonePhysicsTests.swift */,
			);
			path = RippleLoopTests;
			sourceTree = "<group>";
		};
		G10000000000000000000004 /* Products */ = {
			isa = PBXGroup;
			children = (
				F10000000000000000000016 /* RippleLoop.app */,
				F10000000000000000000017 /* RippleLoopTests.xctest */,
			);
			name = Products;
			sourceTree = "<group>";
		};
		G10000000000000000000005 /* Game */ = {
			isa = PBXGroup;
			children = (
				F10000000000000000000003 /* GameConstants.swift */,
				F10000000000000000000004 /* StonePhysics.swift */,
				F10000000000000000000005 /* ParallaxBackground.swift */,
				F10000000000000000000006 /* RippleEffect.swift */,
				F10000000000000000000007 /* HUDNode.swift */,
				F10000000000000000000008 /* AimOverlay.swift */,
				F10000000000000000000009 /* GameScene.swift */,
				F10000000000000000000021 /* PebbleNode.swift */,
				F10000000000000000000022 /* PearlNode.swift */,
				F10000000000000000000023 /* LogObstacle.swift */,
				F10000000000000000000024 /* WorldSpawner.swift */,
			);
			path = Game;
			sourceTree = "<group>";
		};
		G10000000000000000000006 /* Models */ = {
			isa = PBXGroup;
			children = (
				F10000000000000000000010 /* GameState.swift */,
				F10000000000000000000011 /* PlayerProgress.swift */,
				F10000000000000000000018 /* Biome.swift */,
				F10000000000000000000019 /* UpgradeCatalog.swift */,
				F10000000000000000000020 /* GameSession.swift */,
			);
			path = Models;
			sourceTree = "<group>";
		};
		G10000000000000000000007 /* Views */ = {
			isa = PBXGroup;
			children = (
				F10000000000000000000025 /* RootView.swift */,
				F10000000000000000000026 /* DockMenuView.swift */,
				F10000000000000000000027 /* ShopView.swift */,
				F10000000000000000000028 /* ResultsView.swift */,
				F10000000000000000000029 /* LastRippleView.swift */,
				F10000000000000000000030 /* GameContainerView.swift */,
				F10000000000000000000031 /* Color+Hex.swift */,
				F10000000000000000000036 /* GameCenterAuthPresenter.swift */,
				F10000000000000000000037 /* LeaderboardView.swift */,
				F10000000000000000000038 /* SettingsView.swift */,
			);
			path = Views;
			sourceTree = "<group>";
		};
		G10000000000000000000008 /* Services */ = {
			isa = PBXGroup;
			children = (
				F10000000000000000000032 /* GameCenterService.swift */,
				F10000000000000000000033 /* HapticManager.swift */,
				F10000000000000000000034 /* SoundManager.swift */,
				F10000000000000000000035 /* GameplaySettings.swift */,
			);
			path = Services;
			sourceTree = "<group>";
		};
/* End PBXGroup section */

/* Begin PBXNativeTarget section */
		T10000000000000000000001 /* RippleLoop */ = {
			isa = PBXNativeTarget;
			buildConfigurationList = CL10000000000000000000001 /* Build configuration list for PBXNativeTarget "RippleLoop" */;
			buildPhases = (
				SOURCES00000000000000000001 /* Sources */,
				FRAMEWORKS000000000000000001 /* Frameworks */,
				RESOURCES000000000000000001 /* Resources */,
			);
			buildRules = (
			);
			dependencies = (
			);
			name = RippleLoop;
			productName = RippleLoop;
			productReference = F10000000000000000000016 /* RippleLoop.app */;
			productType = "com.apple.product-type.application";
		};
		T10000000000000000000002 /* RippleLoopTests */ = {
			isa = PBXNativeTarget;
			buildConfigurationList = CL10000000000000000000002 /* Build configuration list for PBXNativeTarget "RippleLoopTests" */;
			buildPhases = (
				SOURCES00000000000000000002 /* Sources */,
				FRAMEWORKS000000000000000002 /* Frameworks */,
			);
			buildRules = (
			);
			dependencies = (
				D10000000000000000000001 /* PBXTargetDependency */,
			);
			name = RippleLoopTests;
			productName = RippleLoopTests;
			productReference = F10000000000000000000017 /* RippleLoopTests.xctest */;
			productType = "com.apple.product-type.bundle.unit-test";
		};
/* End PBXNativeTarget section */

/* Begin PBXProject section */
		P10000000000000000000001 /* Project object */ = {
			isa = PBXProject;
			attributes = {
				BuildIndependentTargetsInParallel = 1;
				LastSwiftUpdateCheck = 1600;
				LastUpgradeCheck = 1600;
				TargetAttributes = {
					T10000000000000000000001 = {
						CreatedOnToolsVersion = 16.0;
					};
					T10000000000000000000002 = {
						CreatedOnToolsVersion = 16.0;
						TestTargetID = T10000000000000000000001;
					};
				};
			};
			buildConfigurationList = CL10000000000000000000003 /* Build configuration list for PBXProject "RippleLoop" */;
			compatibilityVersion = "Xcode 14.0";
			developmentRegion = en;
			hasScannedForEncodings = 0;
			knownRegions = (
				en,
				Base,
			);
			mainGroup = G10000000000000000000001;
			productRefGroup = G10000000000000000000004 /* Products */;
			projectDirPath = "";
			projectRoot = "";
			targets = (
				T10000000000000000000001 /* RippleLoop */,
				T10000000000000000000002 /* RippleLoopTests */,
			);
		};
/* End PBXProject section */

/* Begin PBXResourcesBuildPhase section */
		RESOURCES000000000000000001 /* Resources */ = {
			isa = PBXResourcesBuildPhase;
			buildActionMask = 2147483647;
			files = (
				B10000000000000000000012 /* Assets.xcassets in Resources */,
				B10000000000000000000013 /* PrivacyInfo.xcprivacy in Resources */,
			);
			runOnlyForDeploymentPostprocessing = 0;
		};
/* End PBXResourcesBuildPhase section */

/* Begin PBXSourcesBuildPhase section */
		SOURCES00000000000000000001 /* Sources */ = {
			isa = PBXSourcesBuildPhase;
			buildActionMask = 2147483647;
			files = (
				B10000000000000000000001 /* RippleLoopApp.swift in Sources */,
				B10000000000000000000002 /* ContentView.swift in Sources */,
				B10000000000000000000003 /* GameConstants.swift in Sources */,
				B10000000000000000000004 /* StonePhysics.swift in Sources */,
				B10000000000000000000005 /* ParallaxBackground.swift in Sources */,
				B10000000000000000000006 /* RippleEffect.swift in Sources */,
				B10000000000000000000007 /* HUDNode.swift in Sources */,
				B10000000000000000000008 /* AimOverlay.swift in Sources */,
				B10000000000000000000009 /* GameScene.swift in Sources */,
				B10000000000000000000010 /* GameState.swift in Sources */,
				B10000000000000000000011 /* PlayerProgress.swift in Sources */,
				B10000000000000000000015 /* Biome.swift in Sources */,
				B10000000000000000000016 /* UpgradeCatalog.swift in Sources */,
				B10000000000000000000017 /* GameSession.swift in Sources */,
				B10000000000000000000018 /* PebbleNode.swift in Sources */,
				B10000000000000000000019 /* PearlNode.swift in Sources */,
				B10000000000000000000020 /* LogObstacle.swift in Sources */,
				B10000000000000000000021 /* WorldSpawner.swift in Sources */,
				B10000000000000000000022 /* RootView.swift in Sources */,
				B10000000000000000000023 /* DockMenuView.swift in Sources */,
				B10000000000000000000024 /* ShopView.swift in Sources */,
				B10000000000000000000025 /* ResultsView.swift in Sources */,
				B10000000000000000000026 /* LastRippleView.swift in Sources */,
				B10000000000000000000027 /* GameContainerView.swift in Sources */,
				B10000000000000000000028 /* Color+Hex.swift in Sources */,
				B10000000000000000000029 /* GameCenterService.swift in Sources */,
				B10000000000000000000030 /* HapticManager.swift in Sources */,
				B10000000000000000000031 /* SoundManager.swift in Sources */,
				B10000000000000000000032 /* GameplaySettings.swift in Sources */,
				B10000000000000000000033 /* GameCenterAuthPresenter.swift in Sources */,
				B10000000000000000000034 /* LeaderboardView.swift in Sources */,
				B10000000000000000000035 /* SettingsView.swift in Sources */,
			);
			runOnlyForDeploymentPostprocessing = 0;
		};
		SOURCES00000000000000000002 /* Sources */ = {
			isa = PBXSourcesBuildPhase;
			buildActionMask = 2147483647;
			files = (
				B10000000000000000000014 /* StonePhysicsTests.swift in Sources */,
			);
			runOnlyForDeploymentPostprocessing = 0;
		};
/* End PBXSourcesBuildPhase section */

/* Begin PBXTargetDependency section */
		D10000000000000000000001 /* PBXTargetDependency */ = {
			isa = PBXTargetDependency;
			target = T10000000000000000000001 /* RippleLoop */;
			targetProxy = C10000000000000000000001 /* PBXContainerItemProxy */;
		};
/* End PBXTargetDependency section */

/* Begin XCBuildConfiguration section */
		BC10000000000000000000001 /* Debug */ = {
			isa = XCBuildConfiguration;
			buildSettings = {
				ALWAYS_SEARCH_USER_PATHS = NO;
				ASSETCATALOG_COMPILER_GENERATE_SWIFT_ASSET_SYMBOL_EXTENSIONS = YES;
				CLANG_ANALYZER_NONNULL = YES;
				CLANG_ENABLE_MODULES = YES;
				CODE_SIGN_STYLE = Automatic;
				COPY_PHASE_STRIP = NO;
				DEBUG_INFORMATION_FORMAT = dwarf;
				DEVELOPMENT_TEAM = "";
				ENABLE_TESTABILITY = YES;
				GCC_DYNAMIC_NO_PIC = NO;
				GCC_OPTIMIZATION_LEVEL = 0;
				IPHONEOS_DEPLOYMENT_TARGET = 17.0;
				MTL_ENABLE_DEBUG_INFO = INCLUDE_SOURCE;
				ONLY_ACTIVE_ARCH = YES;
				SDKROOT = iphoneos;
				SWIFT_ACTIVE_COMPILATION_CONDITIONS = DEBUG;
				SWIFT_OPTIMIZATION_LEVEL = "-Onone";
				SWIFT_VERSION = 5.0;
			};
			name = Debug;
		};
		BC10000000000000000000002 /* Release */ = {
			isa = XCBuildConfiguration;
			buildSettings = {
				ALWAYS_SEARCH_USER_PATHS = NO;
				ASSETCATALOG_COMPILER_GENERATE_SWIFT_ASSET_SYMBOL_EXTENSIONS = YES;
				CLANG_ANALYZER_NONNULL = YES;
				CLANG_ENABLE_MODULES = YES;
				CODE_SIGN_STYLE = Automatic;
				COPY_PHASE_STRIP = NO;
				DEBUG_INFORMATION_FORMAT = "dwarf-with-dsym";
				DEVELOPMENT_TEAM = "";
				IPHONEOS_DEPLOYMENT_TARGET = 17.0;
				MTL_ENABLE_DEBUG_INFO = NO;
				SDKROOT = iphoneos;
				SWIFT_COMPILATION_MODE = wholemodule;
				SWIFT_VERSION = 5.0;
				VALIDATE_PRODUCT = YES;
			};
			name = Release;
		};
		BC10000000000000000000003 /* Debug */ = {
			isa = XCBuildConfiguration;
			buildSettings = {
				ASSETCATALOG_COMPILER_APPICON_NAME = AppIcon;
				ASSETCATALOG_COMPILER_GLOBAL_ACCENT_COLOR_NAME = AccentColor;
				CODE_SIGN_STYLE = Automatic;
				CODE_SIGN_ENTITLEMENTS = RippleLoop/RippleLoop.entitlements;
				CURRENT_PROJECT_VERSION = 1;
				DEVELOPMENT_TEAM = "";
				GENERATE_INFOPLIST_FILE = NO;
				INFOPLIST_FILE = RippleLoop/Info.plist;
				INFOPLIST_KEY_UIStatusBarHidden = YES;
				LD_RUNPATH_SEARCH_PATHS = (
					"$(inherited)",
					"@executable_path/Frameworks",
				);
				MARKETING_VERSION = 1.0.0;
				PRODUCT_BUNDLE_IDENTIFIER = com.rippleloop.game;
				PRODUCT_NAME = "$(TARGET_NAME)";
				SUPPORTED_PLATFORMS = "iphoneos iphonesimulator";
				SUPPORTS_MACCATALYST = NO;
				SWIFT_EMIT_LOC_STRINGS = YES;
				TARGETED_DEVICE_FAMILY = 1;
			};
			name = Debug;
		};
		BC10000000000000000000004 /* Release */ = {
			isa = XCBuildConfiguration;
			buildSettings = {
				ASSETCATALOG_COMPILER_APPICON_NAME = AppIcon;
				ASSETCATALOG_COMPILER_GLOBAL_ACCENT_COLOR_NAME = AccentColor;
				CODE_SIGN_STYLE = Automatic;
				CODE_SIGN_ENTITLEMENTS = RippleLoop/RippleLoop.entitlements;
				CURRENT_PROJECT_VERSION = 1;
				DEVELOPMENT_TEAM = "";
				GENERATE_INFOPLIST_FILE = NO;
				INFOPLIST_FILE = RippleLoop/Info.plist;
				INFOPLIST_KEY_UIStatusBarHidden = YES;
				LD_RUNPATH_SEARCH_PATHS = (
					"$(inherited)",
					"@executable_path/Frameworks",
				);
				MARKETING_VERSION = 1.0.0;
				PRODUCT_BUNDLE_IDENTIFIER = com.rippleloop.game;
				PRODUCT_NAME = "$(TARGET_NAME)";
				SUPPORTED_PLATFORMS = "iphoneos iphonesimulator";
				SUPPORTS_MACCATALYST = NO;
				SWIFT_EMIT_LOC_STRINGS = YES;
				TARGETED_DEVICE_FAMILY = 1;
			};
			name = Release;
		};
		BC10000000000000000000005 /* Debug */ = {
			isa = XCBuildConfiguration;
			buildSettings = {
				BUNDLE_LOADER = "$(TEST_HOST)";
				CODE_SIGN_STYLE = Automatic;
				CURRENT_PROJECT_VERSION = 1;
				DEVELOPMENT_TEAM = "";
				GENERATE_INFOPLIST_FILE = YES;
				IPHONEOS_DEPLOYMENT_TARGET = 17.0;
				MARKETING_VERSION = 1.0.0;
				PRODUCT_BUNDLE_IDENTIFIER = com.rippleloop.game.tests;
				PRODUCT_NAME = "$(TARGET_NAME)";
				SUPPORTED_PLATFORMS = "iphoneos iphonesimulator";
				SWIFT_EMIT_LOC_STRINGS = NO;
				TARGETED_DEVICE_FAMILY = 1;
				TEST_HOST = "$(BUILT_PRODUCTS_DIR)/RippleLoop.app/$(BUNDLE_EXECUTABLE_FOLDER_PATH)/RippleLoop";
			};
			name = Debug;
		};
		BC10000000000000000000006 /* Release */ = {
			isa = XCBuildConfiguration;
			buildSettings = {
				BUNDLE_LOADER = "$(TEST_HOST)";
				CODE_SIGN_STYLE = Automatic;
				CURRENT_PROJECT_VERSION = 1;
				DEVELOPMENT_TEAM = "";
				GENERATE_INFOPLIST_FILE = YES;
				IPHONEOS_DEPLOYMENT_TARGET = 17.0;
				MARKETING_VERSION = 1.0.0;
				PRODUCT_BUNDLE_IDENTIFIER = com.rippleloop.game.tests;
				PRODUCT_NAME = "$(TARGET_NAME)";
				SUPPORTED_PLATFORMS = "iphoneos iphonesimulator";
				SWIFT_EMIT_LOC_STRINGS = NO;
				TARGETED_DEVICE_FAMILY = 1;
				TEST_HOST = "$(BUILT_PRODUCTS_DIR)/RippleLoop.app/$(BUNDLE_EXECUTABLE_FOLDER_PATH)/RippleLoop";
			};
			name = Release;
		};
/* End XCBuildConfiguration section */

/* Begin XCConfigurationList section */
		CL10000000000000000000001 /* Build configuration list for PBXNativeTarget "RippleLoop" */ = {
			isa = XCConfigurationList;
			buildConfigurations = (
				BC10000000000000000000003 /* Debug */,
				BC10000000000000000000004 /* Release */,
			);
			defaultConfigurationIsVisible = 0;
			defaultConfigurationName = Release;
		};
		CL10000000000000000000002 /* Build configuration list for PBXNativeTarget "RippleLoopTests" */ = {
			isa = XCConfigurationList;
			buildConfigurations = (
				BC10000000000000000000005 /* Debug */,
				BC10000000000000000000006 /* Release */,
			);
			defaultConfigurationIsVisible = 0;
			defaultConfigurationName = Release;
		};
		CL10000000000000000000003 /* Build configuration list for PBXProject "RippleLoop" */ = {
			isa = XCConfigurationList;
			buildConfigurations = (
				BC10000000000000000000001 /* Debug */,
				BC10000000000000000000002 /* Release */,
			);
			defaultConfigurationIsVisible = 0;
			defaultConfigurationName = Release;
		};
/* End XCConfigurationList section */
	};
	rootObject = P10000000000000000000001 /* Project object */;
}